
Microsoft Visual Studio Solution File, Format Version 12.00
# Visual Studio Version 17
VisualStudioVersion = 17.10.35027.167
MinimumVisualStudioVersion = 10.0.40219.1
Project("{FAE04EC0-301F-11D3-BF4B-00C04F79EFBC}") = "Internet Speed Test", "Internet Speed Test.csproj", "{D58F06F6-725D-4B1E-80D6-A2D23E59C5A1}"
EndProject
Global
	GlobalSection(SolutionConfigurationPlatforms) = preSolution
		Debug|Any CPU = Debug|Any CPU
		Release|Any CPU = Release|Any CPU
	EndGlobalSection
	GlobalSection(ProjectConfigurationPlatforms) = postSolution
		{D58F06F6-725D-4B1E-80D6-A2D23E59C5A1}.Debug|Any CPU.ActiveCfg = Debug|Any CPU
		{D58F06F6-725D-4B1E-80D6-A2D23E59C5A1}.Debug|Any CPU.Build.0 = Debug|Any CPU
		{D58F06F6-725D-4B1E-80D6-A2D23E59C5A1}.Release|Any CPU.ActiveCfg = Release|Any CPU
		{D58F06F6-725D-4B1E-80D6-A2D23E59C5A1}.Release|Any CPU.Build.0 = Release|Any CPU
	EndGlobalSection
	GlobalSection(SolutionProperties) = preSolution
		HideSolutionNode = FALSE
	EndGlobalSection
	GlobalSection(ExtensibilityGlobals) = postSolution
		SolutionGuid = {7BAA0089-40DD-4467-9020-C9C9FFEB2C0B}
	EndGlobalSection
EndGlobal
